
Microsoft Visual Studio Solution File, Format Version 12.00
# Visual Studio Version 16
VisualStudioVersion = 16.0.30907.101
MinimumVisualStudioVersion = 10.0.40219.1
Project("{FAE04EC0-301F-11D3-BF4B-00C04F79EFBC}") = "WindowsFormsDemo", "WindowsFormsDemo\WindowsFormsDemo.csproj", "{8BC022D8-FBDC-40DC-BA38-5593FAD57E63}"
EndProject
Global
	GlobalSection(SolutionConfigurationPlatforms) = preSolution
		Debug|Any CPU = Debug|Any CPU
		Release|Any CPU = Release|Any CPU
	EndGlobalSection
	GlobalSection(ProjectConfigurationPlatforms) = postSolution
		{8BC022D8-FBDC-40DC-BA38-5593FAD57E63}.Debug|Any CPU.ActiveCfg = Debug|Any CPU
		{8BC022D8-FBDC-40DC-BA38-5593FAD57E63}.Debug|Any CPU.Build.0 = Debug|Any CPU
		{8BC022D8-FBDC-40DC-BA38-5593FAD57E63}.Release|Any CPU.ActiveCfg = Release|Any CPU
		{8BC022D8-FBDC-40DC-BA38-5593FAD57E63}.Release|Any CPU.Build.0 = Release|Any CPU
	EndGlobalSection
	GlobalSection(SolutionProperties) = preSolution
		HideSolutionNode = FALSE
	EndGlobalSection
	GlobalSection(ExtensibilityGlobals) = postSolution
		SolutionGuid = {669F0FF6-7227-43C4-9CB5-86C93C598A9C}
	EndGlobalSection
EndGlobal
